
Microsoft Visual Studio Solution File, Format Version 12.00
# Visual Studio 15
VisualStudioVersion = 15.0.27703.2042
MinimumVisualStudioVersion = 10.0.40219.1
Project("{8BC9CEB8-8B4A-11D0-8D11-00A0C91BC942}") = "GameFrameWork", "GameFrameWork.vcxproj", "{EFD09E0B-B771-4143-BEF2-AC694FBD9CC6}"
EndProject
Project("{8BC9CEB8-8B4A-11D0-8D11-00A0C91BC942}") = "PP05.AnimatingSprite", "..\PP05.AnimatingSprite\PP05.AnimatingSprite.vcxproj", "{CB2E0A24-4BFC-499B-BECE-4973F693284E}"
EndProject
Project("{8BC9CEB8-8B4A-11D0-8D11-00A0C91BC942}") = "PP06.ImageSprite", "PP06.ImageSprite\PP06.ImageSprite.vcxproj", "{7079B4DB-7024-4C29-8BF5-8B047FB0629E}"
EndProject
Project("{8BC9CEB8-8B4A-11D0-8D11-00A0C91BC942}") = "MiniProject", "..\MiniProject\MiniProject.vcxproj", "{E4750096-577A-4BC4-A379-6F9C61AA85B4}"
EndProject
Global
	GlobalSection(SolutionConfigurationPlatforms) = preSolution
		Debug|x64 = Debug|x64
		Debug|x86 = Debug|x86
		Release|x64 = Release|x64
		Release|x86 = Release|x86
	EndGlobalSection
	GlobalSection(ProjectConfigurationPlatforms) = postSolution
		{EFD09E0B-B771-4143-BEF2-AC694FBD9CC6}.Debug|x64.ActiveCfg = Debug|x64
		{EFD09E0B-B771-4143-BEF2-AC694FBD9CC6}.Debug|x64.Build.0 = Debug|x64
		{EFD09E0B-B771-4143-BEF2-AC694FBD9CC6}.Debug|x86.ActiveCfg = Debug|Win32
		{EFD09E0B-B771-4143-BEF2-AC694FBD9CC6}.Debug|x86.Build.0 = Debug|Win32
		{EFD09E0B-B771-4143-BEF2-AC694FBD9CC6}.Release|x64.ActiveCfg = Release|x64
		{EFD09E0B-B771-4143-BEF2-AC694FBD9CC6}.Release|x64.Build.0 = Release|x64
		{EFD09E0B-B771-4143-BEF2-AC694FBD9CC6}.Release|x86.ActiveCfg = Release|Win32
		{EFD09E0B-B771-4143-BEF2-AC694FBD9CC6}.Release|x86.Build.0 = Release|Win32
		{CB2E0A24-4BFC-499B-BECE-4973F693284E}.Debug|x64.ActiveCfg = Debug|x64
		{CB2E0A24-4BFC-499B-BECE-4973F693284E}.Debug|x64.Build.0 = Debug|x64
		{CB2E0A24-4BFC-499B-BECE-4973F693284E}.Debug|x86.ActiveCfg = Debug|Win32
		{CB2E0A24-4BFC-499B-BECE-4973F693284E}.Debug|x86.Build.0 = Debug|Win32
		{CB2E0A24-4BFC-499B-BECE-4973F693284E}.Release|x64.ActiveCfg = Release|x64
		{CB2E0A24-4BFC-499B-BECE-4973F693284E}.Release|x64.Build.0 = Release|x64
		{CB2E0A24-4BFC-499B-BECE-4973F693284E}.Release|x86.ActiveCfg = Release|Win32
		{CB2E0A24-4BFC-499B-BECE-4973F693284E}.Release|x86.Build.0 = Release|Win32
		{7079B4DB-7024-4C29-8BF5-8B047FB0629E}.Debug|x64.ActiveCfg = Debug|x64
		{7079B4DB-7024-4C29-8BF5-8B047FB0629E}.Debug|x64.Build.0 = Debug|x64
		{7079B4DB-7024-4C29-8BF5-8B047FB0629E}.Debug|x86.ActiveCfg = Debug|Win32
		{7079B4DB-7024-4C29-8BF5-8B047FB0629E}.Debug|x86.Build.0 = Debug|Win32
		{7079B4DB-7024-4C29-8BF5-8B047FB0629E}.Release|x64.ActiveCfg = Release|x64
		{7079B4DB-7024-4C29-8BF5-8B047FB0629E}.Release|x64.Build.0 = Release|x64
		{7079B4DB-7024-4C29-8BF5-8B047FB0629E}.Release|x86.ActiveCfg = Release|Win32
		{7079B4DB-7024-4C29-8BF5-8B047FB0629E}.Release|x86.Build.0 = Release|Win32
		{E4750096-577A-4BC4-A379-6F9C61AA85B4}.Debug|x64.ActiveCfg = Debug|x64
		{E4750096-577A-4BC4-A379-6F9C61AA85B4}.Debug|x64.Build.0 = Debug|x64
		{E4750096-577A-4BC4-A379-6F9C61AA85B4}.Debug|x86.ActiveCfg = Debug|Win32
		{E4750096-577A-4BC4-A379-6F9C61AA85B4}.Debug|x86.Build.0 = Debug|Win32
		{E4750096-577A-4BC4-A379-6F9C61AA85B4}.Release|x64.ActiveCfg = Release|x64
		{E4750096-577A-4BC4-A379-6F9C61AA85B4}.Release|x64.Build.0 = Release|x64
		{E4750096-577A-4BC4-A379-6F9C61AA85B4}.Release|x86.ActiveCfg = Release|Win32
		{E4750096-577A-4BC4-A379-6F9C61AA85B4}.Release|x86.Build.0 = Release|Win32
	EndGlobalSection
	GlobalSection(SolutionProperties) = preSolution
		HideSolutionNode = FALSE
	EndGlobalSection
	GlobalSection(ExtensibilityGlobals) = postSolution
		SolutionGuid = {24A89F5B-2B0A-4B49-98DF-FF8716BBAD9B}
	EndGlobalSection
EndGlobal
