
Microsoft Visual Studio Solution File, Format Version 12.00
# Visual Studio 15
VisualStudioVersion = 15.0.27703.2042
MinimumVisualStudioVersion = 10.0.40219.1
Project("{8BC9CEB8-8B4A-11D0-8D11-00A0C91BC942}") = "GameFrameWork", "GameFrameWork.vcxproj", "{EFD09E0B-B771-4143-BEF2-AC694FBD9CC6}"
EndProject
Project("{8BC9CEB8-8B4A-11D0-8D11-00A0C91BC942}") = "PP05.AnimatingSprite", "..\PP05.AnimatingSprite\PP05.AnimatingSprite.vcxproj", "{CB2E0A24-4BFC-499B-BECE-4973F693284E}"
EndProject
Project("{8BC9CEB8-8B4A-11D0-8D11-00A0C91BC942}") = "PP06.ImageSprite", "PP06.ImageSprite\PP06.ImageSprite.vcxproj", "{7079B4DB-7024-4C29-8BF5-8B047FB0629E}"
EndProject
Project("{8BC9CEB8-8B4A-11D0-8D11-00A0C91BC942}") = "PP07.TextureManager", "..\PP07.TextureManager\PP07.TextureManager.vcxproj", "{C663C43D-6306-4579-9EB0-E6C422D28DEB}"
EndProject
Project("{8BC9CEB8-8B4A-11D0-8D11-00A0C91BC942}") = "PP08.SingletonTM", "..\PP08.SingletonTM\PP08.SingletonTM.vcxproj", "{1117C37A-178D-4BC2-BEDE-43A14DDDC1BA}"
EndProject
Project("{8BC9CEB8-8B4A-11D0-8D11-00A0C91BC942}") = "PP09.Inheritance", "..\PP09.Inheritance\PP09.Inheritance.vcxproj", "{2C42EB69-9727-46D4-9A6B-120D76D11CF8}"
EndProject
Project("{8BC9CEB8-8B4A-11D0-8D11-00A0C91BC942}") = "PP10.Polymorphism", "PP10.Polymorphism\PP10.Polymorphism.vcxproj", "{4431CD42-F20B-4695-80D2-993831696D6E}"
EndProject
Project("{8BC9CEB8-8B4A-11D0-8D11-00A0C91BC942}") = "HH06", "..\HH06\HH06.vcxproj", "{9987DCB8-7189-4FAA-A578-74395A8DCFDA}"
EndProject
Project("{8BC9CEB8-8B4A-11D0-8D11-00A0C91BC942}") = "PP11.AbstractClass", "..\PP11.AbstractClass\PP11.AbstractClass.vcxproj", "{4033BAF5-3055-4778-8592-A815D76749F4}"
EndProject
Project("{8BC9CEB8-8B4A-11D0-8D11-00A0C91BC942}") = "PP12.Vector2D", "..\PP12.Vector2D\PP12.Vector2D.vcxproj", "{13A68E25-5FE5-4B33-90B9-F7EECC2D4254}"
EndProject
Project("{8BC9CEB8-8B4A-11D0-8D11-00A0C91BC942}") = "PP13.KInputHandler", "..\PP13.KInputHandler\PP13.KInputHandler.vcxproj", "{FFECF36A-B88D-43C3-AF4D-F750296BCBC1}"
EndProject
Project("{8BC9CEB8-8B4A-11D0-8D11-00A0C91BC942}") = "PP14.MInputHandler", "PP14.MInputHandler\PP14.MInputHandler.vcxproj", "{2E747665-31A7-4D5B-9FA3-11E6D5C90B59}"
EndProject
Project("{8BC9CEB8-8B4A-11D0-8D11-00A0C91BC942}") = "HH07", "..\HH07\HH07.vcxproj", "{C4208183-9B89-4F53-BBB4-73F51B3AA46F}"
EndProject
Project("{8BC9CEB8-8B4A-11D0-8D11-00A0C91BC942}") = "MiniGame", "..\PP15.FSM\PP15.FSM.vcxproj", "{B13E497E-A122-49F9-A5F4-D606A94D2850}"
EndProject
Global
	GlobalSection(SolutionConfigurationPlatforms) = preSolution
		Debug|x64 = Debug|x64
		Debug|x86 = Debug|x86
		Release|x64 = Release|x64
		Release|x86 = Release|x86
	EndGlobalSection
	GlobalSection(ProjectConfigurationPlatforms) = postSolution
		{EFD09E0B-B771-4143-BEF2-AC694FBD9CC6}.Debug|x64.ActiveCfg = Debug|x64
		{EFD09E0B-B771-4143-BEF2-AC694FBD9CC6}.Debug|x64.Build.0 = Debug|x64
		{EFD09E0B-B771-4143-BEF2-AC694FBD9CC6}.Debug|x86.ActiveCfg = Debug|Win32
		{EFD09E0B-B771-4143-BEF2-AC694FBD9CC6}.Debug|x86.Build.0 = Debug|Win32
		{EFD09E0B-B771-4143-BEF2-AC694FBD9CC6}.Release|x64.ActiveCfg = Release|x64
		{EFD09E0B-B771-4143-BEF2-AC694FBD9CC6}.Release|x64.Build.0 = Release|x64
		{EFD09E0B-B771-4143-BEF2-AC694FBD9CC6}.Release|x86.ActiveCfg = Release|Win32
		{EFD09E0B-B771-4143-BEF2-AC694FBD9CC6}.Release|x86.Build.0 = Release|Win32
		{CB2E0A24-4BFC-499B-BECE-4973F693284E}.Debug|x64.ActiveCfg = Debug|x64
		{CB2E0A24-4BFC-499B-BECE-4973F693284E}.Debug|x64.Build.0 = Debug|x64
		{CB2E0A24-4BFC-499B-BECE-4973F693284E}.Debug|x86.ActiveCfg = Debug|Win32
		{CB2E0A24-4BFC-499B-BECE-4973F693284E}.Debug|x86.Build.0 = Debug|Win32
		{CB2E0A24-4BFC-499B-BECE-4973F693284E}.Release|x64.ActiveCfg = Release|x64
		{CB2E0A24-4BFC-499B-BECE-4973F693284E}.Release|x64.Build.0 = Release|x64
		{CB2E0A24-4BFC-499B-BECE-4973F693284E}.Release|x86.ActiveCfg = Release|Win32
		{CB2E0A24-4BFC-499B-BECE-4973F693284E}.Release|x86.Build.0 = Release|Win32
		{7079B4DB-7024-4C29-8BF5-8B047FB0629E}.Debug|x64.ActiveCfg = Debug|x64
		{7079B4DB-7024-4C29-8BF5-8B047FB0629E}.Debug|x64.Build.0 = Debug|x64
		{7079B4DB-7024-4C29-8BF5-8B047FB0629E}.Debug|x86.ActiveCfg = Debug|Win32
		{7079B4DB-7024-4C29-8BF5-8B047FB0629E}.Debug|x86.Build.0 = Debug|Win32
		{7079B4DB-7024-4C29-8BF5-8B047FB0629E}.Release|x64.ActiveCfg = Release|x64
		{7079B4DB-7024-4C29-8BF5-8B047FB0629E}.Release|x64.Build.0 = Release|x64
		{7079B4DB-7024-4C29-8BF5-8B047FB0629E}.Release|x86.ActiveCfg = Release|Win32
		{7079B4DB-7024-4C29-8BF5-8B047FB0629E}.Release|x86.Build.0 = Release|Win32
		{C663C43D-6306-4579-9EB0-E6C422D28DEB}.Debug|x64.ActiveCfg = Debug|x64
		{C663C43D-6306-4579-9EB0-E6C422D28DEB}.Debug|x64.Build.0 = Debug|x64
		{C663C43D-6306-4579-9EB0-E6C422D28DEB}.Debug|x86.ActiveCfg = Debug|Win32
		{C663C43D-6306-4579-9EB0-E6C422D28DEB}.Debug|x86.Build.0 = Debug|Win32
		{C663C43D-6306-4579-9EB0-E6C422D28DEB}.Release|x64.ActiveCfg = Release|x64
		{C663C43D-6306-4579-9EB0-E6C422D28DEB}.Release|x64.Build.0 = Release|x64
		{C663C43D-6306-4579-9EB0-E6C422D28DEB}.Release|x86.ActiveCfg = Release|Win32
		{C663C43D-6306-4579-9EB0-E6C422D28DEB}.Release|x86.Build.0 = Release|Win32
		{1117C37A-178D-4BC2-BEDE-43A14DDDC1BA}.Debug|x64.ActiveCfg = Debug|x64
		{1117C37A-178D-4BC2-BEDE-43A14DDDC1BA}.Debug|x64.Build.0 = Debug|x64
		{1117C37A-178D-4BC2-BEDE-43A14DDDC1BA}.Debug|x86.ActiveCfg = Debug|Win32
		{1117C37A-178D-4BC2-BEDE-43A14DDDC1BA}.Debug|x86.Build.0 = Debug|Win32
		{1117C37A-178D-4BC2-BEDE-43A14DDDC1BA}.Release|x64.ActiveCfg = Release|x64
		{1117C37A-178D-4BC2-BEDE-43A14DDDC1BA}.Release|x64.Build.0 = Release|x64
		{1117C37A-178D-4BC2-BEDE-43A14DDDC1BA}.Release|x86.ActiveCfg = Release|Win32
		{1117C37A-178D-4BC2-BEDE-43A14DDDC1BA}.Release|x86.Build.0 = Release|Win32
		{2C42EB69-9727-46D4-9A6B-120D76D11CF8}.Debug|x64.ActiveCfg = Debug|x64
		{2C42EB69-9727-46D4-9A6B-120D76D11CF8}.Debug|x64.Build.0 = Debug|x64
		{2C42EB69-9727-46D4-9A6B-120D76D11CF8}.Debug|x86.ActiveCfg = Debug|Win32
		{2C42EB69-9727-46D4-9A6B-120D76D11CF8}.Debug|x86.Build.0 = Debug|Win32
		{2C42EB69-9727-46D4-9A6B-120D76D11CF8}.Release|x64.ActiveCfg = Release|x64
		{2C42EB69-9727-46D4-9A6B-120D76D11CF8}.Release|x64.Build.0 = Release|x64
		{2C42EB69-9727-46D4-9A6B-120D76D11CF8}.Release|x86.ActiveCfg = Release|Win32
		{2C42EB69-9727-46D4-9A6B-120D76D11CF8}.Release|x86.Build.0 = Release|Win32
		{4431CD42-F20B-4695-80D2-993831696D6E}.Debug|x64.ActiveCfg = Debug|x64
		{4431CD42-F20B-4695-80D2-993831696D6E}.Debug|x64.Build.0 = Debug|x64
		{4431CD42-F20B-4695-80D2-993831696D6E}.Debug|x86.ActiveCfg = Debug|Win32
		{4431CD42-F20B-4695-80D2-993831696D6E}.Debug|x86.Build.0 = Debug|Win32
		{4431CD42-F20B-4695-80D2-993831696D6E}.Release|x64.ActiveCfg = Release|x64
		{4431CD42-F20B-4695-80D2-993831696D6E}.Release|x64.Build.0 = Release|x64
		{4431CD42-F20B-4695-80D2-993831696D6E}.Release|x86.ActiveCfg = Release|Win32
		{4431CD42-F20B-4695-80D2-993831696D6E}.Release|x86.Build.0 = Release|Win32
		{9987DCB8-7189-4FAA-A578-74395A8DCFDA}.Debug|x64.ActiveCfg = Debug|x64
		{9987DCB8-7189-4FAA-A578-74395A8DCFDA}.Debug|x64.Build.0 = Debug|x64
		{9987DCB8-7189-4FAA-A578-74395A8DCFDA}.Debug|x86.ActiveCfg = Debug|Win32
		{9987DCB8-7189-4FAA-A578-74395A8DCFDA}.Debug|x86.Build.0 = Debug|Win32
		{9987DCB8-7189-4FAA-A578-74395A8DCFDA}.Release|x64.ActiveCfg = Release|x64
		{9987DCB8-7189-4FAA-A578-74395A8DCFDA}.Release|x64.Build.0 = Release|x64
		{9987DCB8-7189-4FAA-A578-74395A8DCFDA}.Release|x86.ActiveCfg = Release|Win32
		{9987DCB8-7189-4FAA-A578-74395A8DCFDA}.Release|x86.Build.0 = Release|Win32
		{4033BAF5-3055-4778-8592-A815D76749F4}.Debug|x64.ActiveCfg = Debug|x64
		{4033BAF5-3055-4778-8592-A815D76749F4}.Debug|x64.Build.0 = Debug|x64
		{4033BAF5-3055-4778-8592-A815D76749F4}.Debug|x86.ActiveCfg = Debug|Win32
		{4033BAF5-3055-4778-8592-A815D76749F4}.Debug|x86.Build.0 = Debug|Win32
		{4033BAF5-3055-4778-8592-A815D76749F4}.Release|x64.ActiveCfg = Release|x64
		{4033BAF5-3055-4778-8592-A815D76749F4}.Release|x64.Build.0 = Release|x64
		{4033BAF5-3055-4778-8592-A815D76749F4}.Release|x86.ActiveCfg = Release|Win32
		{4033BAF5-3055-4778-8592-A815D76749F4}.Release|x86.Build.0 = Release|Win32
		{13A68E25-5FE5-4B33-90B9-F7EECC2D4254}.Debug|x64.ActiveCfg = Debug|x64
		{13A68E25-5FE5-4B33-90B9-F7EECC2D4254}.Debug|x64.Build.0 = Debug|x64
		{13A68E25-5FE5-4B33-90B9-F7EECC2D4254}.Debug|x86.ActiveCfg = Debug|Win32
		{13A68E25-5FE5-4B33-90B9-F7EECC2D4254}.Debug|x86.Build.0 = Debug|Win32
		{13A68E25-5FE5-4B33-90B9-F7EECC2D4254}.Release|x64.ActiveCfg = Release|x64
		{13A68E25-5FE5-4B33-90B9-F7EECC2D4254}.Release|x64.Build.0 = Release|x64
		{13A68E25-5FE5-4B33-90B9-F7EECC2D4254}.Release|x86.ActiveCfg = Release|Win32
		{13A68E25-5FE5-4B33-90B9-F7EECC2D4254}.Release|x86.Build.0 = Release|Win32
		{FFECF36A-B88D-43C3-AF4D-F750296BCBC1}.Debug|x64.ActiveCfg = Debug|x64
		{FFECF36A-B88D-43C3-AF4D-F750296BCBC1}.Debug|x64.Build.0 = Debug|x64
		{FFECF36A-B88D-43C3-AF4D-F750296BCBC1}.Debug|x86.ActiveCfg = Debug|Win32
		{FFECF36A-B88D-43C3-AF4D-F750296BCBC1}.Debug|x86.Build.0 = Debug|Win32
		{FFECF36A-B88D-43C3-AF4D-F750296BCBC1}.Release|x64.ActiveCfg = Release|x64
		{FFECF36A-B88D-43C3-AF4D-F750296BCBC1}.Release|x64.Build.0 = Release|x64
		{FFECF36A-B88D-43C3-AF4D-F750296BCBC1}.Release|x86.ActiveCfg = Release|Win32
		{FFECF36A-B88D-43C3-AF4D-F750296BCBC1}.Release|x86.Build.0 = Release|Win32
		{2E747665-31A7-4D5B-9FA3-11E6D5C90B59}.Debug|x64.ActiveCfg = Debug|x64
		{2E747665-31A7-4D5B-9FA3-11E6D5C90B59}.Debug|x64.Build.0 = Debug|x64
		{2E747665-31A7-4D5B-9FA3-11E6D5C90B59}.Debug|x86.ActiveCfg = Debug|Win32
		{2E747665-31A7-4D5B-9FA3-11E6D5C90B59}.Debug|x86.Build.0 = Debug|Win32
		{2E747665-31A7-4D5B-9FA3-11E6D5C90B59}.Release|x64.ActiveCfg = Release|x64
		{2E747665-31A7-4D5B-9FA3-11E6D5C90B59}.Release|x64.Build.0 = Release|x64
		{2E747665-31A7-4D5B-9FA3-11E6D5C90B59}.Release|x86.ActiveCfg = Release|Win32
		{2E747665-31A7-4D5B-9FA3-11E6D5C90B59}.Release|x86.Build.0 = Release|Win32
		{C4208183-9B89-4F53-BBB4-73F51B3AA46F}.Debug|x64.ActiveCfg = Debug|x64
		{C4208183-9B89-4F53-BBB4-73F51B3AA46F}.Debug|x64.Build.0 = Debug|x64
		{C4208183-9B89-4F53-BBB4-73F51B3AA46F}.Debug|x86.ActiveCfg = Debug|Win32
		{C4208183-9B89-4F53-BBB4-73F51B3AA46F}.Debug|x86.Build.0 = Debug|Win32
		{C4208183-9B89-4F53-BBB4-73F51B3AA46F}.Release|x64.ActiveCfg = Release|x64
		{C4208183-9B89-4F53-BBB4-73F51B3AA46F}.Release|x64.Build.0 = Release|x64
		{C4208183-9B89-4F53-BBB4-73F51B3AA46F}.Release|x86.ActiveCfg = Release|Win32
		{C4208183-9B89-4F53-BBB4-73F51B3AA46F}.Release|x86.Build.0 = Release|Win32
		{B13E497E-A122-49F9-A5F4-D606A94D2850}.Debug|x64.ActiveCfg = Debug|x64
		{B13E497E-A122-49F9-A5F4-D606A94D2850}.Debug|x64.Build.0 = Debug|x64
		{B13E497E-A122-49F9-A5F4-D606A94D2850}.Debug|x86.ActiveCfg = Debug|Win32
		{B13E497E-A122-49F9-A5F4-D606A94D2850}.Debug|x86.Build.0 = Debug|Win32
		{B13E497E-A122-49F9-A5F4-D606A94D2850}.Release|x64.ActiveCfg = Release|x64
		{B13E497E-A122-49F9-A5F4-D606A94D2850}.Release|x64.Build.0 = Release|x64
		{B13E497E-A122-49F9-A5F4-D606A94D2850}.Release|x86.ActiveCfg = Release|Win32
		{B13E497E-A122-49F9-A5F4-D606A94D2850}.Release|x86.Build.0 = Release|Win32
	EndGlobalSection
	GlobalSection(SolutionProperties) = preSolution
		HideSolutionNode = FALSE
	EndGlobalSection
	GlobalSection(ExtensibilityGlobals) = postSolution
		SolutionGuid = {24A89F5B-2B0A-4B49-98DF-FF8716BBAD9B}
	EndGlobalSection
EndGlobal
